// !$*UTF8*$!
{
	archiveVersion = 1;
	classes = {
	};
	objectVersion = 46;
	objects = {

/* Begin PBXBuildFile section */
		7162FE121EFCDBC7005CE0C0 /* Video.swift in Sources */ = {isa = PBXBuildFile; fileRef = 7162FE111EFCDBC7005CE0C0 /* Video.swift */; };
		7162FE141EFCDC5E005CE0C0 /* Chanel.swift in Sources */ = {isa = PBXBuildFile; fileRef = 7162FE131EFCDC5E005CE0C0 /* Chanel.swift */; };
		717224691F0A138E005806FB /* SetupLauncher.swift in Sources */ = {isa = PBXBuildFile; fileRef = 717224681F0A138E005806FB /* SetupLauncher.swift */; };
		71A311561EC204B200F6D6D3 /* AppDelegate.swift in Sources */ = {isa = PBXBuildFile; fileRef = 71A311551EC204B200F6D6D3 /* AppDelegate.swift */; };
		71A311581EC204B200F6D6D3 /* HomeController.swift in Sources */ = {isa = PBXBuildFile; fileRef = 71A311571EC204B200F6D6D3 /* HomeController.swift */; };
		71A3115B1EC204B200F6D6D3 /* Main.storyboard in Resources */ = {isa = PBXBuildFile; fileRef = 71A311591EC204B200F6D6D3 /* Main.storyboard */; };
		71A3115E1EC204B200F6D6D3 /* Youtube_app.xcdatamodeld in Sources */ = {isa = PBXBuildFile; fileRef = 71A3115C1EC204B200F6D6D3 /* Youtube_app.xcdatamodeld */; };
		71A311631EC204B200F6D6D3 /* LaunchScreen.storyboard in Resources */ = {isa = PBXBuildFile; fileRef = 71A311611EC204B200F6D6D3 /* LaunchScreen.storyboard */; };
		71E87A7D1F0B7B3000FA8104 /* SettingCell.swift in Sources */ = {isa = PBXBuildFile; fileRef = 71E87A7C1F0B7B3000FA8104 /* SettingCell.swift */; };
		71F375131EFA423600EA754E /* MenuBar.swift in Sources */ = {isa = PBXBuildFile; fileRef = 71F375121EFA423600EA754E /* MenuBar.swift */; };
		71F375151EFA63C000EA754E /* Assets.xcassets in Resources */ = {isa = PBXBuildFile; fileRef = 71F375141EFA63C000EA754E /* Assets.xcassets */; };
		71FE37031EF525A30003EDED /* Extension.swift in Sources */ = {isa = PBXBuildFile; fileRef = 71FE37021EF525A30003EDED /* Extension.swift */; };
		71FE37061EF526940003EDED /* VideoCell.swift in Sources */ = {isa = PBXBuildFile; fileRef = 71FE37051EF526940003EDED /* VideoCell.swift */; };
/* End PBXBuildFile section */

/* Begin PBXFileReference section */
		7162FE111EFCDBC7005CE0C0 /* Video.swift */ = {isa = PBXFileReference; fileEncoding = 4; lastKnownFileType = sourcecode.swift; path = Video.swift; sourceTree = "<group>"; };
		7162FE131EFCDC5E005CE0C0 /* Chanel.swift */ = {isa = PBXFileReference; fileEncoding = 4; lastKnownFileType = sourcecode.swift; path = Chanel.swift; sourceTree = "<group>"; };
		717224681F0A138E005806FB /* SetupLauncher.swift */ = {isa = PBXFileReference; fileEncoding = 4; lastKnownFileType = sourcecode.swift; path = SetupLauncher.swift; sourceTree = "<group>"; };
		71A311521EC204B200F6D6D3 /* Youtube-app.app */ = {isa = PBXFileReference; explicitFileType = wrapper.application; includeInIndex = 0; path = "Youtube-app.app"; sourceTree = BUILT_PRODUCTS_DIR; };
		71A311551EC204B200F6D6D3 /* AppDelegate.swift */ = {isa = PBXFileReference; lastKnownFileType = sourcecode.swift; path = AppDelegate.swift; sourceTree = "<group>"; };
		71A311571EC204B200F6D6D3 /* HomeController.swift */ = {isa = PBXFileReference; lastKnownFileType = sourcecode.swift; path = HomeController.swift; sourceTree = "<group>"; };
		71A3115A1EC204B200F6D6D3 /* Base */ = {isa = PBXFileReference; lastKnownFileType = file.storyboard; name = Base; path = Base.lproj/Main.storyboard; sourceTree = "<group>"; };
		71A3115D1EC204B200F6D6D3 /* Youtube_app.xcdatamodel */ = {isa = PBXFileReference; lastKnownFileType = wrapper.xcdatamodel; path = Youtube_app.xcdatamodel; sourceTree = "<group>"; };
		71A311621EC204B200F6D6D3 /* Base */ = {isa = PBXFileReference; lastKnownFileType = file.storyboard; name = Base; path = Base.lproj/LaunchScreen.storyboard; sourceTree = "<group>"; };
		71A311641EC204B200F6D6D3 /* Info.plist */ = {isa = PBXFileReference; lastKnownFileType = text.plist.xml; path = Info.plist; sourceTree = "<group>"; };
		71E87A7C1F0B7B3000FA8104 /* SettingCell.swift */ = {isa = PBXFileReference; fileEncoding = 4; lastKnownFileType = sourcecode.swift; path = SettingCell.swift; sourceTree = "<group>"; };
		71F375121EFA423600EA754E /* MenuBar.swift */ = {isa = PBXFileReference; fileEncoding = 4; lastKnownFileType = sourcecode.swift; path = MenuBar.swift; sourceTree = "<group>"; };
		71F375141EFA63C000EA754E /* Assets.xcassets */ = {isa = PBXFileReference; lastKnownFileType = folder.assetcatalog; path = Assets.xcassets; sourceTree = "<group>"; };
		71FE37021EF525A30003EDED /* Extension.swift */ = {isa = PBXFileReference; fileEncoding = 4; lastKnownFileType = sourcecode.swift; path = Extension.swift; sourceTree = "<group>"; };
		71FE37051EF526940003EDED /* VideoCell.swift */ = {isa = PBXFileReference; fileEncoding = 4; lastKnownFileType = sourcecode.swift; path = VideoCell.swift; sourceTree = "<group>"; };
/* End PBXFileReference section */

/* Begin PBXFrameworksBuildPhase section */
		71A3114F1EC204B100F6D6D3 /* Frameworks */ = {
			isa = PBXFrameworksBuildPhase;
			buildActionMask = 2147483647;
			files = (
			);
			runOnlyForDeploymentPostprocessing = 0;
		};
/* End PBXFrameworksBuildPhase section */

/* Begin PBXGroup section */
		7162FE101EFCDBB8005CE0C0 /* Models */ = {
			isa = PBXGroup;
			children = (
				7162FE111EFCDBC7005CE0C0 /* Video.swift */,
				7162FE131EFCDC5E005CE0C0 /* Chanel.swift */,
			);
			name = Models;
			sourceTree = "<group>";
		};
		71A311491EC204B100F6D6D3 = {
			isa = PBXGroup;
			children = (
				71A311541EC204B200F6D6D3 /* Youtube-app */,
				71A311531EC204B200F6D6D3 /* Products */,
			);
			sourceTree = "<group>";
		};
		71A311531EC204B200F6D6D3 /* Products */ = {
			isa = PBXGroup;
			children = (
				71A311521EC204B200F6D6D3 /* Youtube-app.app */,
			);
			name = Products;
			sourceTree = "<group>";
		};
		71A311541EC204B200F6D6D3 /* Youtube-app */ = {
			isa = PBXGroup;
			children = (
				7162FE101EFCDBB8005CE0C0 /* Models */,
				71FE37071EF526AC0003EDED /* Controllers */,
				71FE37041EF526840003EDED /* Views */,
				71FE37011EF525900003EDED /* Helper */,
				71A311551EC204B200F6D6D3 /* AppDelegate.swift */,
				71F375141EFA63C000EA754E /* Assets.xcassets */,
				71A311591EC204B200F6D6D3 /* Main.storyboard */,
				71A311611EC204B200F6D6D3 /* LaunchScreen.storyboard */,
				71A311641EC204B200F6D6D3 /* Info.plist */,
				71A3115C1EC204B200F6D6D3 /* Youtube_app.xcdatamodeld */,
			);
			path = "Youtube-app";
			sourceTree = "<group>";
		};
		71FE37011EF525900003EDED /* Helper */ = {
			isa = PBXGroup;
			children = (
				71FE37021EF525A30003EDED /* Extension.swift */,
			);
			name = Helper;
			sourceTree = "<group>";
		};
		71FE37041EF526840003EDED /* Views */ = {
			isa = PBXGroup;
			children = (
				71FE37051EF526940003EDED /* VideoCell.swift */,
				71F375121EFA423600EA754E /* MenuBar.swift */,
				71E87A7C1F0B7B3000FA8104 /* SettingCell.swift */,
			);
			name = Views;
			sourceTree = "<group>";
		};
		71FE37071EF526AC0003EDED /* Controllers */ = {
			isa = PBXGroup;
			children = (
				71A311571EC204B200F6D6D3 /* HomeController.swift */,
				717224681F0A138E005806FB /* SetupLauncher.swift */,
			);
			name = Controllers;
			sourceTree = "<group>";
		};
/* End PBXGroup section */

/* Begin PBXNativeTarget section */
		71A311511EC204B100F6D6D3 /* Youtube-app */ = {
			isa = PBXNativeTarget;
			buildConfigurationList = 71A311671EC204B200F6D6D3 /* Build configuration list for PBXNativeTarget "Youtube-app" */;
			buildPhases = (
				71A3114E1EC204B100F6D6D3 /* Sources */,
				71A3114F1EC204B100F6D6D3 /* Frameworks */,
				71A311501EC204B100F6D6D3 /* Resources */,
			);
			buildRules = (
			);
			dependencies = (
			);
			name = "Youtube-app";
			productName = "Youtube-app";
			productReference = 71A311521EC204B200F6D6D3 /* Youtube-app.app */;
			productType = "com.apple.product-type.application";
		};
/* End PBXNativeTarget section */

/* Begin PBXProject section */
		71A3114A1EC204B100F6D6D3 /* Project object */ = {
			isa = PBXProject;
			attributes = {
				LastSwiftUpdateCheck = 0820;
				LastUpgradeCheck = 0820;
				ORGANIZATIONNAME = ScofieldNguyen;
				TargetAttributes = {
					71A311511EC204B100F6D6D3 = {
						CreatedOnToolsVersion = 8.2.1;
						DevelopmentTeam = WXSDGR66G6;
						ProvisioningStyle = Automatic;
					};
				};
			};
			buildConfigurationList = 71A3114D1EC204B100F6D6D3 /* Build configuration list for PBXProject "Youtube-app" */;
			compatibilityVersion = "Xcode 3.2";
			developmentRegion = English;
			hasScannedForEncodings = 0;
			knownRegions = (
				en,
				Base,
			);
			mainGroup = 71A311491EC204B100F6D6D3;
			productRefGroup = 71A311531EC204B200F6D6D3 /* Products */;
			projectDirPath = "";
			projectRoot = "";
			targets = (
				71A311511EC204B100F6D6D3 /* Youtube-app */,
			);
		};
/* End PBXProject section */

/* Begin PBXResourcesBuildPhase section */
		71A311501EC204B100F6D6D3 /* Resources */ = {
			isa = PBXResourcesBuildPhase;
			buildActionMask = 2147483647;
			files = (
				71A311631EC204B200F6D6D3 /* LaunchScreen.storyboard in Resources */,
				71F375151EFA63C000EA754E /* Assets.xcassets in Resources */,
				71A3115B1EC204B200F6D6D3 /* Main.storyboard in Resources */,
			);
			runOnlyForDeploymentPostprocessing = 0;
		};
/* End PBXResourcesBuildPhase section */

/* Begin PBXSourcesBuildPhase section */
		71A3114E1EC204B100F6D6D3 /* Sources */ = {
			isa = PBXSourcesBuildPhase;
			buildActionMask = 2147483647;
			files = (
				71FE37061EF526940003EDED /* VideoCell.swift in Sources */,
				71A3115E1EC204B200F6D6D3 /* Youtube_app.xcdatamodeld in Sources */,
				7162FE141EFCDC5E005CE0C0 /* Chanel.swift in Sources */,
				71F375131EFA423600EA754E /* MenuBar.swift in Sources */,
				71A311581EC204B200F6D6D3 /* HomeController.swift in Sources */,
				71A311561EC204B200F6D6D3 /* AppDelegate.swift in Sources */,
				7162FE121EFCDBC7005CE0C0 /* Video.swift in Sources */,
				71FE37031EF525A30003EDED /* Extension.swift in Sources */,
				71E87A7D1F0B7B3000FA8104 /* SettingCell.swift in Sources */,
				717224691F0A138E005806FB /* SetupLauncher.swift in Sources */,
			);
			runOnlyForDeploymentPostprocessing = 0;
		};
/* End PBXSourcesBuildPhase section */

/* Begin PBXVariantGroup section */
		71A311591EC204B200F6D6D3 /* Main.storyboard */ = {
			isa = PBXVariantGroup;
			children = (
				71A3115A1EC204B200F6D6D3 /* Base */,
			);
			name = Main.storyboard;
			sourceTree = "<group>";
		};
		71A311611EC204B200F6D6D3 /* LaunchScreen.storyboard */ = {
			isa = PBXVariantGroup;
			children = (
				71A311621EC204B200F6D6D3 /* Base */,
			);
			name = LaunchScreen.storyboard;
			sourceTree = "<group>";
		};
/* End PBXVariantGroup section */

/* Begin XCBuildConfiguration section */
		71A311651EC204B200F6D6D3 /* Debug */ = {
			isa = XCBuildConfiguration;
			buildSettings = {
				ALWAYS_SEARCH_USER_PATHS = NO;
				CLANG_ANALYZER_NONNULL = YES;
				CLANG_CXX_LANGUAGE_STANDARD = "gnu++0x";
				CLANG_CXX_LIBRARY = "libc++";
				CLANG_ENABLE_MODULES = YES;
				CLANG_ENABLE_OBJC_ARC = YES;
				CLANG_WARN_BOOL_CONVERSION = YES;
				CLANG_WARN_CONSTANT_CONVERSION = YES;
				CLANG_WARN_DIRECT_OBJC_ISA_USAGE = YES_ERROR;
				CLANG_WARN_DOCUMENTATION_COMMENTS = YES;
				CLANG_WARN_EMPTY_BODY = YES;
				CLANG_WARN_ENUM_CONVERSION = YES;
				CLANG_WARN_INFINITE_RECURSION = YES;
				CLANG_WARN_INT_CONVERSION = YES;
				CLANG_WARN_OBJC_ROOT_CLASS = YES_ERROR;
				CLANG_WARN_SUSPICIOUS_MOVE = YES;
				CLANG_WARN_UNREACHABLE_CODE = YES;
				CLANG_WARN__DUPLICATE_METHOD_MATCH = YES;
				"CODE_SIGN_IDENTITY[sdk=iphoneos*]" = "iPhone Developer";
				COPY_PHASE_STRIP = NO;
				DEBUG_INFORMATION_FORMAT = dwarf;
				ENABLE_STRICT_OBJC_MSGSEND = YES;
				ENABLE_TESTABILITY = YES;
				GCC_C_LANGUAGE_STANDARD = gnu99;
				GCC_DYNAMIC_NO_PIC = NO;
				GCC_NO_COMMON_BLOCKS = YES;
				GCC_OPTIMIZATION_LEVEL = 0;
				GCC_PREPROCESSOR_DEFINITIONS = (
					"DEBUG=1",
					"$(inherited)",
				);
				GCC_WARN_64_TO_32_BIT_CONVERSION = YES;
				GCC_WARN_ABOUT_RETURN_TYPE = YES_ERROR;
				GCC_WARN_UNDECLARED_SELECTOR = YES;
				GCC_WARN_UNINITIALIZED_AUTOS = YES_AGGRESSIVE;
				GCC_WARN_UNUSED_FUNCTION = YES;
				GCC_WARN_UNUSED_VARIABLE = YES;
				IPHONEOS_DEPLOYMENT_TARGET = 10.2;
				MTL_ENABLE_DEBUG_INFO = YES;
				ONLY_ACTIVE_ARCH = YES;
				SDKROOT = iphoneos;
				SWIFT_ACTIVE_COMPILATION_CONDITIONS = DEBUG;
				SWIFT_OPTIMIZATION_LEVEL = "-Onone";
			};
			name = Debug;
		};
		71A311661EC204B200F6D6D3 /* Release */ = {
			isa = XCBuildConfiguration;
			buildSettings = {
				ALWAYS_SEARCH_USER_PATHS = NO;
				CLANG_ANALYZER_NONNULL = YES;
				CLANG_CXX_LANGUAGE_STANDARD = "gnu++0x";
				CLANG_CXX_LIBRARY = "libc++";
				CLANG_ENABLE_MODULES = YES;
				CLANG_ENABLE_OBJC_ARC = YES;
				CLANG_WARN_BOOL_CONVERSION = YES;
				CLANG_WARN_CONSTANT_CONVERSION = YES;
				CLANG_WARN_DIRECT_OBJC_ISA_USAGE = YES_ERROR;
				CLANG_WARN_DOCUMENTATION_COMMENTS = YES;
				CLANG_WARN_EMPTY_BODY = YES;
				CLANG_WARN_ENUM_CONVERSION = YES;
				CLANG_WARN_INFINITE_RECURSION = YES;
				CLANG_WARN_INT_CONVERSION = YES;
				CLANG_WARN_OBJC_ROOT_CLASS = YES_ERROR;
				CLANG_WARN_SUSPICIOUS_MOVE = YES;
				CLANG_WARN_UNREACHABLE_CODE = YES;
				CLANG_WARN__DUPLICATE_METHOD_MATCH = YES;
				"CODE_SIGN_IDENTITY[sdk=iphoneos*]" = "iPhone Developer";
				COPY_PHASE_STRIP = NO;
				DEBUG_INFORMATION_FORMAT = "dwarf-with-dsym";
				ENABLE_NS_ASSERTIONS = NO;
				ENABLE_STRICT_OBJC_MSGSEND = YES;
				GCC_C_LANGUAGE_STANDARD = gnu99;
				GCC_NO_COMMON_BLOCKS = YES;
				GCC_WARN_64_TO_32_BIT_CONVERSION = YES;
				GCC_WARN_ABOUT_RETURN_TYPE = YES_ERROR;
				GCC_WARN_UNDECLARED_SELECTOR = YES;
				GCC_WARN_UNINITIALIZED_AUTOS = YES_AGGRESSIVE;
				GCC_WARN_UNUSED_FUNCTION = YES;
				GCC_WARN_UNUSED_VARIABLE = YES;
				IPHONEOS_DEPLOYMENT_TARGET = 10.2;
				MTL_ENABLE_DEBUG_INFO = NO;
				SDKROOT = iphoneos;
				SWIFT_OPTIMIZATION_LEVEL = "-Owholemodule";
				VALIDATE_PRODUCT = YES;
			};
			name = Release;
		};
		71A311681EC204B200F6D6D3 /* Debug */ = {
			isa = XCBuildConfiguration;
			buildSettings = {
				ASSETCATALOG_COMPILER_APPICON_NAME = AppIcon;
				DEVELOPMENT_TEAM = WXSDGR66G6;
				INFOPLIST_FILE = "Youtube-app/Info.plist";
				LD_RUNPATH_SEARCH_PATHS = "$(inherited) @executable_path/Frameworks";
				PRODUCT_BUNDLE_IDENTIFIER = "self-taught.Youtube-app";
				PRODUCT_NAME = "$(TARGET_NAME)";
				SWIFT_VERSION = 3.0;
			};
			name = Debug;
		};
		71A311691EC204B200F6D6D3 /* Release */ = {
			isa = XCBuildConfiguration;
			buildSettings = {
				ASSETCATALOG_COMPILER_APPICON_NAME = AppIcon;
				DEVELOPMENT_TEAM = WXSDGR66G6;
				INFOPLIST_FILE = "Youtube-app/Info.plist";
				LD_RUNPATH_SEARCH_PATHS = "$(inherited) @executable_path/Frameworks";
				PRODUCT_BUNDLE_IDENTIFIER = "self-taught.Youtube-app";
				PRODUCT_NAME = "$(TARGET_NAME)";
				SWIFT_VERSION = 3.0;
			};
			name = Release;
		};
/* End XCBuildConfiguration section */

/* Begin XCConfigurationList section */
		71A3114D1EC204B100F6D6D3 /* Build configuration list for PBXProject "Youtube-app" */ = {
			isa = XCConfigurationList;
			buildConfigurations = (
				71A311651EC204B200F6D6D3 /* Debug */,
				71A311661EC204B200F6D6D3 /* Release */,
			);
			defaultConfigurationIsVisible = 0;
			defaultConfigurationName = Release;
		};
		71A311671EC204B200F6D6D3 /* Build configuration list for PBXNativeTarget "Youtube-app" */ = {
			isa = XCConfigurationList;
			buildConfigurations = (
				71A311681EC204B200F6D6D3 /* Debug */,
				71A311691EC204B200F6D6D3 /* Release */,
			);
			defaultConfigurationIsVisible = 0;
			defaultConfigurationName = Release;
		};
/* End XCConfigurationList section */

/* Begin XCVersionGroup section */
		71A3115C1EC204B200F6D6D3 /* Youtube_app.xcdatamodeld */ = {
			isa = XCVersionGroup;
			children = (
				71A3115D1EC204B200F6D6D3 /* Youtube_app.xcdatamodel */,
			);
			currentVersion = 71A3115D1EC204B200F6D6D3 /* Youtube_app.xcdatamodel */;
			path = Youtube_app.xcdatamodeld;
			sourceTree = "<group>";
			versionGroupType = wrapper.xcdatamodel;
		};
/* End XCVersionGroup section */
	};
	rootObject = 71A3114A1EC204B100F6D6D3 /* Project object */;
}
